// !$*UTF8*$!
{
	archiveVersion = 1;
	classes = {
	};
	objectVersion = 56;
	objects = {

/* Begin PBXBuildFile section */
		8937B8B62A0FD70A0049C1A5 /* SwiftyHelperApp.swift in Sources */ = {isa = PBXBuildFile; fileRef = 8937B8B52A0FD70A0049C1A5 /* SwiftyHelperApp.swift */; };
		8937B8B82A0FD70A0049C1A5 /* ContentEditorView.swift in Sources */ = {isa = PBXBuildFile; fileRef = 8937B8B72A0FD70A0049C1A5 /* ContentEditorView.swift */; };
		8937B8BA2A0FD70B0049C1A5 /* Assets.xcassets in Resources */ = {isa = PBXBuildFile; fileRef = 8937B8B92A0FD70B0049C1A5 /* Assets.xcassets */; };
		8937B8BD2A0FD70B0049C1A5 /* Preview Assets.xcassets in Resources */ = {isa = PBXBuildFile; fileRef = 8937B8BC2A0FD70B0049C1A5 /* Preview Assets.xcassets */; };
		8937B8C52A0FEE4C0049C1A5 /* WelcomeModalView.swift in Sources */ = {isa = PBXBuildFile; fileRef = 8937B8C42A0FEE4C0049C1A5 /* WelcomeModalView.swift */; };
		89F6F5192A1AAFFF005DAA6E /* TypingView.swift in Sources */ = {isa = PBXBuildFile; fileRef = 89F6F5182A1AAFFF005DAA6E /* TypingView.swift */; };
		89F6F51B2A1C573F005DAA6E /* CustomTextEditor.swift in Sources */ = {isa = PBXBuildFile; fileRef = 89F6F51A2A1C573F005DAA6E /* CustomTextEditor.swift */; };
		89F6F51D2A1CFB75005DAA6E /* PromptModels.swift in Sources */ = {isa = PBXBuildFile; fileRef = 89F6F51C2A1CFB75005DAA6E /* PromptModels.swift */; };
		89F6F51F2A1D0D98005DAA6E /* ContentEditorView_ViewModel.swift in Sources */ = {isa = PBXBuildFile; fileRef = 89F6F51E2A1D0D98005DAA6E /* ContentEditorView_ViewModel.swift */; };
/* End PBXBuildFile section */

/* Begin PBXFileReference section */
		8937B8B22A0FD70A0049C1A5 /* Email Responder.app */ = {isa = PBXFileReference; explicitFileType = wrapper.application; includeInIndex = 0; path = "Email Responder.app"; sourceTree = BUILT_PRODUCTS_DIR; };
		8937B8B52A0FD70A0049C1A5 /* SwiftyHelperApp.swift */ = {isa = PBXFileReference; lastKnownFileType = sourcecode.swift; path = SwiftyHelperApp.swift; sourceTree = "<group>"; };
		8937B8B72A0FD70A0049C1A5 /* ContentEditorView.swift */ = {isa = PBXFileReference; lastKnownFileType = sourcecode.swift; path = ContentEditorView.swift; sourceTree = "<group>"; };
		8937B8B92A0FD70B0049C1A5 /* Assets.xcassets */ = {isa = PBXFileReference; lastKnownFileType = folder.assetcatalog; path = Assets.xcassets; sourceTree = "<group>"; };
		8937B8BC2A0FD70B0049C1A5 /* Preview Assets.xcassets */ = {isa = PBXFileReference; lastKnownFileType = folder.assetcatalog; path = "Preview Assets.xcassets"; sourceTree = "<group>"; };
		8937B8BE2A0FD70B0049C1A5 /* SwiftyHelper.entitlements */ = {isa = PBXFileReference; lastKnownFileType = text.plist.entitlements; path = SwiftyHelper.entitlements; sourceTree = "<group>"; };
		8937B8C42A0FEE4C0049C1A5 /* WelcomeModalView.swift */ = {isa = PBXFileReference; lastKnownFileType = sourcecode.swift; path = WelcomeModalView.swift; sourceTree = "<group>"; };
		89F6F5182A1AAFFF005DAA6E /* TypingView.swift */ = {isa = PBXFileReference; lastKnownFileType = sourcecode.swift; path = TypingView.swift; sourceTree = "<group>"; };
		89F6F51A2A1C573F005DAA6E /* CustomTextEditor.swift */ = {isa = PBXFileReference; lastKnownFileType = sourcecode.swift; path = CustomTextEditor.swift; sourceTree = "<group>"; };
		89F6F51C2A1CFB75005DAA6E /* PromptModels.swift */ = {isa = PBXFileReference; lastKnownFileType = sourcecode.swift; path = PromptModels.swift; sourceTree = "<group>"; };
		89F6F51E2A1D0D98005DAA6E /* ContentEditorView_ViewModel.swift */ = {isa = PBXFileReference; lastKnownFileType = sourcecode.swift; path = ContentEditorView_ViewModel.swift; sourceTree = "<group>"; };
/* End PBXFileReference section */

/* Begin PBXFrameworksBuildPhase section */
		8937B8AF2A0FD70A0049C1A5 /* Frameworks */ = {
			isa = PBXFrameworksBuildPhase;
			buildActionMask = 2147483647;
			files = (
			);
			runOnlyForDeploymentPostprocessing = 0;
		};
/* End PBXFrameworksBuildPhase section */

/* Begin PBXGroup section */
		8937B8A92A0FD70A0049C1A5 = {
			isa = PBXGroup;
			children = (
				89F6F51E2A1D0D98005DAA6E /* ContentEditorView_ViewModel.swift */,
				8937B8B42A0FD70A0049C1A5 /* SwiftyHelper */,
				8937B8B32A0FD70A0049C1A5 /* Products */,
			);
			sourceTree = "<group>";
		};
		8937B8B32A0FD70A0049C1A5 /* Products */ = {
			isa = PBXGroup;
			children = (
				8937B8B22A0FD70A0049C1A5 /* Email Responder.app */,
			);
			name = Products;
			sourceTree = "<group>";
		};
		8937B8B42A0FD70A0049C1A5 /* SwiftyHelper */ = {
			isa = PBXGroup;
			children = (
				8937B8B52A0FD70A0049C1A5 /* SwiftyHelperApp.swift */,
				89F6F51C2A1CFB75005DAA6E /* PromptModels.swift */,
				8937B8B72A0FD70A0049C1A5 /* ContentEditorView.swift */,
				89F6F5182A1AAFFF005DAA6E /* TypingView.swift */,
				89F6F51A2A1C573F005DAA6E /* CustomTextEditor.swift */,
				8937B8C42A0FEE4C0049C1A5 /* WelcomeModalView.swift */,
				8937B8B92A0FD70B0049C1A5 /* Assets.xcassets */,
				8937B8BE2A0FD70B0049C1A5 /* SwiftyHelper.entitlements */,
				8937B8BB2A0FD70B0049C1A5 /* Preview Content */,
			);
			path = SwiftyHelper;
			sourceTree = "<group>";
		};
		8937B8BB2A0FD70B0049C1A5 /* Preview Content */ = {
			isa = PBXGroup;
			children = (
				8937B8BC2A0FD70B0049C1A5 /* Preview Assets.xcassets */,
			);
			path = "Preview Content";
			sourceTree = "<group>";
		};
/* End PBXGroup section */

/* Begin PBXNativeTarget section */
		8937B8B12A0FD70A0049C1A5 /* SwiftyHelper */ = {
			isa = PBXNativeTarget;
			buildConfigurationList = 8937B8C12A0FD70B0049C1A5 /* Build configuration list for PBXNativeTarget "SwiftyHelper" */;
			buildPhases = (
				8937B8AE2A0FD70A0049C1A5 /* Sources */,
				8937B8AF2A0FD70A0049C1A5 /* Frameworks */,
				8937B8B02A0FD70A0049C1A5 /* Resources */,
			);
			buildRules = (
			);
			dependencies = (
			);
			name = SwiftyHelper;
			packageProductDependencies = (
			);
			productName = SwiftyHelper;
			productReference = 8937B8B22A0FD70A0049C1A5 /* Email Responder.app */;
			productType = "com.apple.product-type.application";
		};
/* End PBXNativeTarget section */

/* Begin PBXProject section */
		8937B8AA2A0FD70A0049C1A5 /* Project object */ = {
			isa = PBXProject;
			attributes = {
				BuildIndependentTargetsInParallel = 1;
				LastSwiftUpdateCheck = 1420;
				LastUpgradeCheck = 1430;
				TargetAttributes = {
					8937B8B12A0FD70A0049C1A5 = {
						CreatedOnToolsVersion = 14.2;
					};
				};
			};
			buildConfigurationList = 8937B8AD2A0FD70A0049C1A5 /* Build configuration list for PBXProject "SwiftyHelper" */;
			compatibilityVersion = "Xcode 14.0";
			developmentRegion = en;
			hasScannedForEncodings = 0;
			knownRegions = (
				en,
				Base,
			);
			mainGroup = 8937B8A92A0FD70A0049C1A5;
			packageReferences = (
			);
			productRefGroup = 8937B8B32A0FD70A0049C1A5 /* Products */;
			projectDirPath = "";
			projectRoot = "";
			targets = (
				8937B8B12A0FD70A0049C1A5 /* SwiftyHelper */,
			);
		};
/* End PBXProject section */

/* Begin PBXResourcesBuildPhase section */
		8937B8B02A0FD70A0049C1A5 /* Resources */ = {
			isa = PBXResourcesBuildPhase;
			buildActionMask = 2147483647;
			files = (
				8937B8BD2A0FD70B0049C1A5 /* Preview Assets.xcassets in Resources */,
				8937B8BA2A0FD70B0049C1A5 /* Assets.xcassets in Resources */,
			);
			runOnlyForDeploymentPostprocessing = 0;
		};
/* End PBXResourcesBuildPhase section */

/* Begin PBXSourcesBuildPhase section */
		8937B8AE2A0FD70A0049C1A5 /* Sources */ = {
			isa = PBXSourcesBuildPhase;
			buildActionMask = 2147483647;
			files = (
				8937B8B82A0FD70A0049C1A5 /* ContentEditorView.swift in Sources */,
				89F6F5192A1AAFFF005DAA6E /* TypingView.swift in Sources */,
				89F6F51F2A1D0D98005DAA6E /* ContentEditorView_ViewModel.swift in Sources */,
				8937B8B62A0FD70A0049C1A5 /* SwiftyHelperApp.swift in Sources */,
				89F6F51D2A1CFB75005DAA6E /* PromptModels.swift in Sources */,
				8937B8C52A0FEE4C0049C1A5 /* WelcomeModalView.swift in Sources */,
				89F6F51B2A1C573F005DAA6E /* CustomTextEditor.swift in Sources */,
			);
			runOnlyForDeploymentPostprocessing = 0;
		};
/* End PBXSourcesBuildPhase section */

/* Begin XCBuildConfiguration section */
		8937B8BF2A0FD70B0049C1A5 /* Debug */ = {
			isa = XCBuildConfiguration;
			buildSettings = {
				ALWAYS_SEARCH_USER_PATHS = NO;
				CLANG_ANALYZER_NONNULL = YES;
				CLANG_ANALYZER_NUMBER_OBJECT_CONVERSION = YES_AGGRESSIVE;
				CLANG_CXX_LANGUAGE_STANDARD = "gnu++20";
				CLANG_ENABLE_MODULES = YES;
				CLANG_ENABLE_OBJC_ARC = YES;
				CLANG_ENABLE_OBJC_WEAK = YES;
				CLANG_WARN_BLOCK_CAPTURE_AUTORELEASING = YES;
				CLANG_WARN_BOOL_CONVERSION = YES;
				CLANG_WARN_COMMA = YES;
				CLANG_WARN_CONSTANT_CONVERSION = YES;
				CLANG_WARN_DEPRECATED_OBJC_IMPLEMENTATIONS = YES;
				CLANG_WARN_DIRECT_OBJC_ISA_USAGE = YES_ERROR;
				CLANG_WARN_DOCUMENTATION_COMMENTS = YES;
				CLANG_WARN_EMPTY_BODY = YES;
				CLANG_WARN_ENUM_CONVERSION = YES;
				CLANG_WARN_INFINITE_RECURSION = YES;
				CLANG_WARN_INT_CONVERSION = YES;
				CLANG_WARN_NON_LITERAL_NULL_CONVERSION = YES;
				CLANG_WARN_OBJC_IMPLICIT_RETAIN_SELF = YES;
				CLANG_WARN_OBJC_LITERAL_CONVERSION = YES;
				CLANG_WARN_OBJC_ROOT_CLASS = YES_ERROR;
				CLANG_WARN_QUOTED_INCLUDE_IN_FRAMEWORK_HEADER = YES;
				CLANG_WARN_RANGE_LOOP_ANALYSIS = YES;
				CLANG_WARN_STRICT_PROTOTYPES = YES;
				CLANG_WARN_SUSPICIOUS_MOVE = YES;
				CLANG_WARN_UNGUARDED_AVAILABILITY = YES_AGGRESSIVE;
				CLANG_WARN_UNREACHABLE_CODE = YES;
				CLANG_WARN__DUPLICATE_METHOD_MATCH = YES;
				COPY_PHASE_STRIP = NO;
				DEAD_CODE_STRIPPING = YES;
				DEBUG_INFORMATION_FORMAT = dwarf;
				ENABLE_STRICT_OBJC_MSGSEND = YES;
				ENABLE_TESTABILITY = YES;
				GCC_C_LANGUAGE_STANDARD = gnu11;
				GCC_DYNAMIC_NO_PIC = NO;
				GCC_NO_COMMON_BLOCKS = YES;
				GCC_OPTIMIZATION_LEVEL = 0;
				GCC_PREPROCESSOR_DEFINITIONS = (
					"DEBUG=1",
					"$(inherited)",
				);
				GCC_WARN_64_TO_32_BIT_CONVERSION = YES;
				GCC_WARN_ABOUT_RETURN_TYPE = YES_ERROR;
				GCC_WARN_UNDECLARED_SELECTOR = YES;
				GCC_WARN_UNINITIALIZED_AUTOS = YES_AGGRESSIVE;
				GCC_WARN_UNUSED_FUNCTION = YES;
				GCC_WARN_UNUSED_VARIABLE = YES;
				MACOSX_DEPLOYMENT_TARGET = 13.1;
				MTL_ENABLE_DEBUG_INFO = INCLUDE_SOURCE;
				MTL_FAST_MATH = YES;
				ONLY_ACTIVE_ARCH = YES;
				SDKROOT = macosx;
				SWIFT_ACTIVE_COMPILATION_CONDITIONS = DEBUG;
				SWIFT_OPTIMIZATION_LEVEL = "-Onone";
			};
			name = Debug;
		};
		8937B8C02A0FD70B0049C1A5 /* Release */ = {
			isa = XCBuildConfiguration;
			buildSettings = {
				ALWAYS_SEARCH_USER_PATHS = NO;
				CLANG_ANALYZER_NONNULL = YES;
				CLANG_ANALYZER_NUMBER_OBJECT_CONVERSION = YES_AGGRESSIVE;
				CLANG_CXX_LANGUAGE_STANDARD = "gnu++20";
				CLANG_ENABLE_MODULES = YES;
				CLANG_ENABLE_OBJC_ARC = YES;
				CLANG_ENABLE_OBJC_WEAK = YES;
				CLANG_WARN_BLOCK_CAPTURE_AUTORELEASING = YES;
				CLANG_WARN_BOOL_CONVERSION = YES;
				CLANG_WARN_COMMA = YES;
				CLANG_WARN_CONSTANT_CONVERSION = YES;
				CLANG_WARN_DEPRECATED_OBJC_IMPLEMENTATIONS = YES;
				CLANG_WARN_DIRECT_OBJC_ISA_USAGE = YES_ERROR;
				CLANG_WARN_DOCUMENTATION_COMMENTS = YES;
				CLANG_WARN_EMPTY_BODY = YES;
				CLANG_WARN_ENUM_CONVERSION = YES;
				CLANG_WARN_INFINITE_RECURSION = YES;
				CLANG_WARN_INT_CONVERSION = YES;
				CLANG_WARN_NON_LITERAL_NULL_CONVERSION = YES;
				CLANG_WARN_OBJC_IMPLICIT_RETAIN_SELF = YES;
				CLANG_WARN_OBJC_LITERAL_CONVERSION = YES;
				CLANG_WARN_OBJC_ROOT_CLASS = YES_ERROR;
				CLANG_WARN_QUOTED_INCLUDE_IN_FRAMEWORK_HEADER = YES;
				CLANG_WARN_RANGE_LOOP_ANALYSIS = YES;
				CLANG_WARN_STRICT_PROTOTYPES = YES;
				CLANG_WARN_SUSPICIOUS_MOVE = YES;
				CLANG_WARN_UNGUARDED_AVAILABILITY = YES_AGGRESSIVE;
				CLANG_WARN_UNREACHABLE_CODE = YES;
				CLANG_WARN__DUPLICATE_METHOD_MATCH = YES;
				COPY_PHASE_STRIP = NO;
				DEAD_CODE_STRIPPING = YES;
				DEBUG_INFORMATION_FORMAT = "dwarf-with-dsym";
				ENABLE_NS_ASSERTIONS = NO;
				ENABLE_STRICT_OBJC_MSGSEND = YES;
				GCC_C_LANGUAGE_STANDARD = gnu11;
				GCC_NO_COMMON_BLOCKS = YES;
				GCC_WARN_64_TO_32_BIT_CONVERSION = YES;
				GCC_WARN_ABOUT_RETURN_TYPE = YES_ERROR;
				GCC_WARN_UNDECLARED_SELECTOR = YES;
				GCC_WARN_UNINITIALIZED_AUTOS = YES_AGGRESSIVE;
				GCC_WARN_UNUSED_FUNCTION = YES;
				GCC_WARN_UNUSED_VARIABLE = YES;
				MACOSX_DEPLOYMENT_TARGET = 13.1;
				MTL_ENABLE_DEBUG_INFO = NO;
				MTL_FAST_MATH = YES;
				SDKROOT = macosx;
				SWIFT_COMPILATION_MODE = wholemodule;
				SWIFT_OPTIMIZATION_LEVEL = "-O";
			};
			name = Release;
		};
		8937B8C22A0FD70B0049C1A5 /* Debug */ = {
			isa = XCBuildConfiguration;
			buildSettings = {
				ASSETCATALOG_COMPILER_APPICON_NAME = AppIcon;
				ASSETCATALOG_COMPILER_GLOBAL_ACCENT_COLOR_NAME = AccentColor;
				CODE_SIGN_ENTITLEMENTS = SwiftyHelper/SwiftyHelper.entitlements;
				CODE_SIGN_STYLE = Automatic;
				COMBINE_HIDPI_IMAGES = YES;
				CURRENT_PROJECT_VERSION = 1;
				DEAD_CODE_STRIPPING = YES;
				DEVELOPMENT_ASSET_PATHS = "\"SwiftyHelper/Preview Content\"";
				DEVELOPMENT_TEAM = 6257XTCRBF;
				ENABLE_HARDENED_RUNTIME = YES;
				ENABLE_PREVIEWS = YES;
				GENERATE_INFOPLIST_FILE = YES;
				INFOPLIST_KEY_NSHumanReadableCopyright = "";
				LD_RUNPATH_SEARCH_PATHS = (
					"$(inherited)",
					"@executable_path/../Frameworks",
				);
				MARKETING_VERSION = 1.0;
				PRODUCT_BUNDLE_IDENTIFIER = AlphonsoSensley.SwiftyHelper;
				PRODUCT_NAME = "Email Responder";
				SWIFT_EMIT_LOC_STRINGS = YES;
				SWIFT_VERSION = 5.0;
			};
			name = Debug;
		};
		8937B8C32A0FD70B0049C1A5 /* Release */ = {
			isa = XCBuildConfiguration;
			buildSettings = {
				ASSETCATALOG_COMPILER_APPICON_NAME = AppIcon;
				ASSETCATALOG_COMPILER_GLOBAL_ACCENT_COLOR_NAME = AccentColor;
				CODE_SIGN_ENTITLEMENTS = SwiftyHelper/SwiftyHelper.entitlements;
				CODE_SIGN_STYLE = Automatic;
				COMBINE_HIDPI_IMAGES = YES;
				CURRENT_PROJECT_VERSION = 1;
				DEAD_CODE_STRIPPING = YES;
				DEVELOPMENT_ASSET_PATHS = "\"SwiftyHelper/Preview Content\"";
				DEVELOPMENT_TEAM = 6257XTCRBF;
				ENABLE_HARDENED_RUNTIME = YES;
				ENABLE_PREVIEWS = YES;
				GENERATE_INFOPLIST_FILE = YES;
				INFOPLIST_KEY_NSHumanReadableCopyright = "";
				LD_RUNPATH_SEARCH_PATHS = (
					"$(inherited)",
					"@executable_path/../Frameworks",
				);
				MARKETING_VERSION = 1.0;
				PRODUCT_BUNDLE_IDENTIFIER = AlphonsoSensley.SwiftyHelper;
				PRODUCT_NAME = "Email Responder";
				SWIFT_EMIT_LOC_STRINGS = YES;
				SWIFT_VERSION = 5.0;
			};
			name = Release;
		};
/* End XCBuildConfiguration section */

/* Begin XCConfigurationList section */
		8937B8AD2A0FD70A0049C1A5 /* Build configuration list for PBXProject "SwiftyHelper" */ = {
			isa = XCConfigurationList;
			buildConfigurations = (
				8937B8BF2A0FD70B0049C1A5 /* Debug */,
				8937B8C02A0FD70B0049C1A5 /* Release */,
			);
			defaultConfigurationIsVisible = 0;
			defaultConfigurationName = Release;
		};
		8937B8C12A0FD70B0049C1A5 /* Build configuration list for PBXNativeTarget "SwiftyHelper" */ = {
			isa = XCConfigurationList;
			buildConfigurations = (
				8937B8C22A0FD70B0049C1A5 /* Debug */,
				8937B8C32A0FD70B0049C1A5 /* Release */,
			);
			defaultConfigurationIsVisible = 0;
			defaultConfigurationName = Release;
		};
/* End XCConfigurationList section */
	};
	rootObject = 8937B8AA2A0FD70A0049C1A5 /* Project object */;
}
